
Microsoft Visual Studio Solution File, Format Version 12.00
# Visual Studio Version 17
VisualStudioVersion = 17.9.34616.47
MinimumVisualStudioVersion = 10.0.40219.1
Project("{FAE04EC0-301F-11D3-BF4B-00C04F79EFBC}") = "KarakterDonusum", "KarakterDonusum.csproj", "{B7464B92-DCAD-41E9-A506-71A82D50F0DF}"
EndProject
Global
	GlobalSection(SolutionConfigurationPlatforms) = preSolution
		Debug|Any CPU = Debug|Any CPU
		Release|Any CPU = Release|Any CPU
	EndGlobalSection
	GlobalSection(ProjectConfigurationPlatforms) = postSolution
		{B7464B92-DCAD-41E9-A506-71A82D50F0DF}.Debug|Any CPU.ActiveCfg = Debug|Any CPU
		{B7464B92-DCAD-41E9-A506-71A82D50F0DF}.Debug|Any CPU.Build.0 = Debug|Any CPU
		{B7464B92-DCAD-41E9-A506-71A82D50F0DF}.Release|Any CPU.ActiveCfg = Release|Any CPU
		{B7464B92-DCAD-41E9-A506-71A82D50F0DF}.Release|Any CPU.Build.0 = Release|Any CPU
	EndGlobalSection
	GlobalSection(SolutionProperties) = preSolution
		HideSolutionNode = FALSE
	EndGlobalSection
	GlobalSection(ExtensibilityGlobals) = postSolution
		SolutionGuid = {31BE667F-E369-4909-A5F3-D96C73801812}
	EndGlobalSection
EndGlobal
